
Microsoft Visual Studio Solution File, Format Version 12.00
# Visual Studio 14
VisualStudioVersion = 14.0.25420.1
MinimumVisualStudioVersion = 10.0.40219.1
Project("{FAE04EC0-301F-11D3-BF4B-00C04F79EFBC}") = "ConsoleSeed", "ConsoleSeed.csproj", "{192A889C-3521-4876-9137-A71C0B694510}"
EndProject
Project("{FAE04EC0-301F-11D3-BF4B-00C04F79EFBC}") = "ConsoleSeed.Core", "..\ConsoleSeed.Core\ConsoleSeed.Core.csproj", "{8535A63C-6EE4-4836-A06B-E41C231D4B78}"
EndProject
Project("{FAE04EC0-301F-11D3-BF4B-00C04F79EFBC}") = "ConsoleSeed.Tests", "ConsoleSeed.Tests\ConsoleSeed.Tests.csproj", "{584FD2A0-3A9E-49BA-A770-5B93CA9BC642}"
EndProject
Global
	GlobalSection(SolutionConfigurationPlatforms) = preSolution
		Debug|Any CPU = Debug|Any CPU
		Release|Any CPU = Release|Any CPU
	EndGlobalSection
	GlobalSection(ProjectConfigurationPlatforms) = postSolution
		{192A889C-3521-4876-9137-A71C0B694510}.Debug|Any CPU.ActiveCfg = Debug|Any CPU
		{192A889C-3521-4876-9137-A71C0B694510}.Debug|Any CPU.Build.0 = Debug|Any CPU
		{192A889C-3521-4876-9137-A71C0B694510}.Release|Any CPU.ActiveCfg = Release|Any CPU
		{192A889C-3521-4876-9137-A71C0B694510}.Release|Any CPU.Build.0 = Release|Any CPU
		{8535A63C-6EE4-4836-A06B-E41C231D4B78}.Debug|Any CPU.ActiveCfg = Debug|Any CPU
		{8535A63C-6EE4-4836-A06B-E41C231D4B78}.Debug|Any CPU.Build.0 = Debug|Any CPU
		{8535A63C-6EE4-4836-A06B-E41C231D4B78}.Release|Any CPU.ActiveCfg = Release|Any CPU
		{8535A63C-6EE4-4836-A06B-E41C231D4B78}.Release|Any CPU.Build.0 = Release|Any CPU
		{584FD2A0-3A9E-49BA-A770-5B93CA9BC642}.Debug|Any CPU.ActiveCfg = Debug|Any CPU
		{584FD2A0-3A9E-49BA-A770-5B93CA9BC642}.Debug|Any CPU.Build.0 = Debug|Any CPU
		{584FD2A0-3A9E-49BA-A770-5B93CA9BC642}.Release|Any CPU.ActiveCfg = Release|Any CPU
		{584FD2A0-3A9E-49BA-A770-5B93CA9BC642}.Release|Any CPU.Build.0 = Release|Any CPU
	EndGlobalSection
	GlobalSection(SolutionProperties) = preSolution
		HideSolutionNode = FALSE
	EndGlobalSection
EndGlobal
